
Microsoft Visual Studio Solution File, Format Version 12.00
# Visual Studio Version 17
VisualStudioVersion = 17.12.35707.178
MinimumVisualStudioVersion = 10.0.40219.1
Project("{2150E333-8FDC-42A3-9474-1A3956D46DE8}") = "TestServer", "TestServer", "{5487E6A8-E869-40C3-9F0E-44968338D86F}"
EndProject
Project("{E53339B2-1760-4266-BCC7-CA923CBCF16C}") = "docker-compose", "docker-compose.dcproj", "{2872D2E5-46D2-477C-9567-E833E9646AF9}"
EndProject
Project("{2150E333-8FDC-42A3-9474-1A3956D46DE8}") = "Framework", "Framework", "{880F98CC-85AE-415C-9BF2-B5C2F7FB4627}"
EndProject
Project("{2150E333-8FDC-42A3-9474-1A3956D46DE8}") = "Tests", "Tests", "{50F5DAFC-E089-415E-8C9D-CA6F95FFD67B}"
EndProject
Project("{FAE04EC0-301F-11D3-BF4B-00C04F79EFBC}") = "SpectrailTestFramework", "Framework\SpectrailTestFramework\SpectrailTestFramework.csproj", "{338FF971-1280-4295-A204-68B4810E3A8A}"
EndProject
Project("{FAE04EC0-301F-11D3-BF4B-00C04F79EFBC}") = "SpectrailTests", "Tests\SpectrailTests\SpectrailTests.csproj", "{E45F17B2-78B1-4BB8-AA4C-0559C41A2B6C}"
EndProject
Project("{FAE04EC0-301F-11D3-BF4B-00C04F79EFBC}") = "SpectrailTestDataProvider.API", "TestServer\SpectrailTestDataProvider.API\SpectrailTestDataProvider.API.csproj", "{B76A7372-AF54-4384-9B8F-467E5D22A0D4}"
EndProject
Project("{FAE04EC0-301F-11D3-BF4B-00C04F79EFBC}") = "SpectrailTestDataProvider.Shared", "TestServer\SpectrailTestDataProvider.Shared\SpectrailTestDataProvider.Shared.csproj", "{91E980D3-0126-4863-8984-1FF453DC13B0}"
EndProject
Project("{FAE04EC0-301F-11D3-BF4B-00C04F79EFBC}") = "SpectrailTestDataProvider.Application", "TestServer\SpectrailTestDataProvider.Application\SpectrailTestDataProvider.Application.csproj", "{F0EF0A8F-C79C-4709-96B0-8C16B74B70BB}"
EndProject
Project("{FAE04EC0-301F-11D3-BF4B-00C04F79EFBC}") = "SpectrailTestDataProvider.Infrastructure", "TestServer\SpectrailTestDataProvider.Infrastructure\SpectrailTestDataProvider.Infrastructure.csproj", "{250AA299-2FE4-4D96-AFA6-2863EF1AE80E}"
EndProject
Project("{FAE04EC0-301F-11D3-BF4B-00C04F79EFBC}") = "SpectrailTestDataProvider.Domain", "TestServer\SpectrailTestDataProvider.Domain\SpectrailTestDataProvider.Domain.csproj", "{3490789D-FDAD-4D37-A9EE-AB6EE35764CE}"
EndProject
Project("{2150E333-8FDC-42A3-9474-1A3956D46DE8}") = "Services", "Services", "{EB996A99-19A2-41BA-8D74-E6279AA09679}"
EndProject
Project("{2150E333-8FDC-42A3-9474-1A3956D46DE8}") = "BuildingBlocks", "BuildingBlocks", "{12A4CCAD-E72B-472D-B279-6B165A11DE5E}"
EndProject
Project("{2150E333-8FDC-42A3-9474-1A3956D46DE8}") = "ApiGateways", "ApiGateways", "{140349DE-64E5-485C-971B-BA35995B96B3}"
EndProject
Global
	GlobalSection(SolutionConfigurationPlatforms) = preSolution
		Debug|Any CPU = Debug|Any CPU
		Release|Any CPU = Release|Any CPU
	EndGlobalSection
	GlobalSection(ProjectConfigurationPlatforms) = postSolution
		{2872D2E5-46D2-477C-9567-E833E9646AF9}.Debug|Any CPU.ActiveCfg = Debug|Any CPU
		{2872D2E5-46D2-477C-9567-E833E9646AF9}.Debug|Any CPU.Build.0 = Debug|Any CPU
		{2872D2E5-46D2-477C-9567-E833E9646AF9}.Release|Any CPU.ActiveCfg = Release|Any CPU
		{2872D2E5-46D2-477C-9567-E833E9646AF9}.Release|Any CPU.Build.0 = Release|Any CPU
		{338FF971-1280-4295-A204-68B4810E3A8A}.Debug|Any CPU.ActiveCfg = Debug|Any CPU
		{338FF971-1280-4295-A204-68B4810E3A8A}.Debug|Any CPU.Build.0 = Debug|Any CPU
		{338FF971-1280-4295-A204-68B4810E3A8A}.Release|Any CPU.ActiveCfg = Release|Any CPU
		{338FF971-1280-4295-A204-68B4810E3A8A}.Release|Any CPU.Build.0 = Release|Any CPU
		{E45F17B2-78B1-4BB8-AA4C-0559C41A2B6C}.Debug|Any CPU.ActiveCfg = Debug|Any CPU
		{E45F17B2-78B1-4BB8-AA4C-0559C41A2B6C}.Debug|Any CPU.Build.0 = Debug|Any CPU
		{E45F17B2-78B1-4BB8-AA4C-0559C41A2B6C}.Release|Any CPU.ActiveCfg = Release|Any CPU
		{E45F17B2-78B1-4BB8-AA4C-0559C41A2B6C}.Release|Any CPU.Build.0 = Release|Any CPU
		{B76A7372-AF54-4384-9B8F-467E5D22A0D4}.Debug|Any CPU.ActiveCfg = Debug|Any CPU
		{B76A7372-AF54-4384-9B8F-467E5D22A0D4}.Debug|Any CPU.Build.0 = Debug|Any CPU
		{B76A7372-AF54-4384-9B8F-467E5D22A0D4}.Release|Any CPU.ActiveCfg = Release|Any CPU
		{B76A7372-AF54-4384-9B8F-467E5D22A0D4}.Release|Any CPU.Build.0 = Release|Any CPU
		{91E980D3-0126-4863-8984-1FF453DC13B0}.Debug|Any CPU.ActiveCfg = Debug|Any CPU
		{91E980D3-0126-4863-8984-1FF453DC13B0}.Debug|Any CPU.Build.0 = Debug|Any CPU
		{91E980D3-0126-4863-8984-1FF453DC13B0}.Release|Any CPU.ActiveCfg = Release|Any CPU
		{91E980D3-0126-4863-8984-1FF453DC13B0}.Release|Any CPU.Build.0 = Release|Any CPU
		{F0EF0A8F-C79C-4709-96B0-8C16B74B70BB}.Debug|Any CPU.ActiveCfg = Debug|Any CPU
		{F0EF0A8F-C79C-4709-96B0-8C16B74B70BB}.Debug|Any CPU.Build.0 = Debug|Any CPU
		{F0EF0A8F-C79C-4709-96B0-8C16B74B70BB}.Release|Any CPU.ActiveCfg = Release|Any CPU
		{F0EF0A8F-C79C-4709-96B0-8C16B74B70BB}.Release|Any CPU.Build.0 = Release|Any CPU
		{250AA299-2FE4-4D96-AFA6-2863EF1AE80E}.Debug|Any CPU.ActiveCfg = Debug|Any CPU
		{250AA299-2FE4-4D96-AFA6-2863EF1AE80E}.Debug|Any CPU.Build.0 = Debug|Any CPU
		{250AA299-2FE4-4D96-AFA6-2863EF1AE80E}.Release|Any CPU.ActiveCfg = Release|Any CPU
		{250AA299-2FE4-4D96-AFA6-2863EF1AE80E}.Release|Any CPU.Build.0 = Release|Any CPU
		{3490789D-FDAD-4D37-A9EE-AB6EE35764CE}.Debug|Any CPU.ActiveCfg = Debug|Any CPU
		{3490789D-FDAD-4D37-A9EE-AB6EE35764CE}.Debug|Any CPU.Build.0 = Debug|Any CPU
		{3490789D-FDAD-4D37-A9EE-AB6EE35764CE}.Release|Any CPU.ActiveCfg = Release|Any CPU
		{3490789D-FDAD-4D37-A9EE-AB6EE35764CE}.Release|Any CPU.Build.0 = Release|Any CPU
	EndGlobalSection
	GlobalSection(SolutionProperties) = preSolution
		HideSolutionNode = FALSE
	EndGlobalSection
	GlobalSection(NestedProjects) = preSolution
		{338FF971-1280-4295-A204-68B4810E3A8A} = {880F98CC-85AE-415C-9BF2-B5C2F7FB4627}
		{E45F17B2-78B1-4BB8-AA4C-0559C41A2B6C} = {50F5DAFC-E089-415E-8C9D-CA6F95FFD67B}
		{B76A7372-AF54-4384-9B8F-467E5D22A0D4} = {5487E6A8-E869-40C3-9F0E-44968338D86F}
		{91E980D3-0126-4863-8984-1FF453DC13B0} = {5487E6A8-E869-40C3-9F0E-44968338D86F}
		{F0EF0A8F-C79C-4709-96B0-8C16B74B70BB} = {5487E6A8-E869-40C3-9F0E-44968338D86F}
		{250AA299-2FE4-4D96-AFA6-2863EF1AE80E} = {5487E6A8-E869-40C3-9F0E-44968338D86F}
		{3490789D-FDAD-4D37-A9EE-AB6EE35764CE} = {5487E6A8-E869-40C3-9F0E-44968338D86F}
		{EB996A99-19A2-41BA-8D74-E6279AA09679} = {5487E6A8-E869-40C3-9F0E-44968338D86F}
		{12A4CCAD-E72B-472D-B279-6B165A11DE5E} = {5487E6A8-E869-40C3-9F0E-44968338D86F}
		{140349DE-64E5-485C-971B-BA35995B96B3} = {5487E6A8-E869-40C3-9F0E-44968338D86F}
	EndGlobalSection
EndGlobal
