
Microsoft Visual Studio Solution File, Format Version 12.00
# Visual Studio Version 17
VisualStudioVersion = 17.12.35707.178
MinimumVisualStudioVersion = 10.0.40219.1
Project("{FAE04EC0-301F-11D3-BF4B-00C04F79EFBC}") = "SpectrailTestFramework", "SpectrailTestFramework\SpectrailTestFramework.csproj", "{C1C7883C-5EF6-4D02-A271-A81249E7FB1B}"
EndProject
Project("{FAE04EC0-301F-11D3-BF4B-00C04F79EFBC}") = "SpectrailTests", "SpectrailTests\SpectrailTests.csproj", "{F5D356FF-9B9B-440B-848D-12958FA1D9A1}"
EndProject
Project("{2150E333-8FDC-42A3-9474-1A3956D46DE8}") = "SpectrailTestServer", "SpectrailTestServer", "{5487E6A8-E869-40C3-9F0E-44968338D86F}"
EndProject
Project("{FAE04EC0-301F-11D3-BF4B-00C04F79EFBC}") = "SpectrailTestDataProvider.API", "SpectrailTestServer\SpectrailTestDataProvider.API\SpectrailTestDataProvider.API.csproj", "{93901AFB-281F-4499-B54A-00271FC35390}"
EndProject
Project("{FAE04EC0-301F-11D3-BF4B-00C04F79EFBC}") = "SpectrailTestDataProvider.Application", "SpectrailTestServer\SpectrailTestDataProvider.Application\SpectrailTestDataProvider.Application.csproj", "{41D67F5E-0449-4B87-9EA6-25BDAD1F4C0D}"
EndProject
Project("{FAE04EC0-301F-11D3-BF4B-00C04F79EFBC}") = "SpectrailTestDataProvider.Domain", "SpectrailTestServer\SpectrailTestDataProvider.Domain\SpectrailTestDataProvider.Domain.csproj", "{864027F8-53BF-461D-97F6-1E7F27567223}"
EndProject
Project("{FAE04EC0-301F-11D3-BF4B-00C04F79EFBC}") = "SpectrailTestDataProvider.Infrastructure", "SpectrailTestServer\SpectrailTestDataProvider.Infrastructure\SpectrailTestDataProvider.Infrastructure.csproj", "{465766BB-7A43-4355-BE51-8C98B21B76D7}"
EndProject
Project("{E53339B2-1760-4266-BCC7-CA923CBCF16C}") = "docker-compose", "docker-compose.dcproj", "{2872D2E5-46D2-477C-9567-E833E9646AF9}"
EndProject
Global
	GlobalSection(SolutionConfigurationPlatforms) = preSolution
		Debug|Any CPU = Debug|Any CPU
		Release|Any CPU = Release|Any CPU
	EndGlobalSection
	GlobalSection(ProjectConfigurationPlatforms) = postSolution
		{C1C7883C-5EF6-4D02-A271-A81249E7FB1B}.Debug|Any CPU.ActiveCfg = Debug|Any CPU
		{C1C7883C-5EF6-4D02-A271-A81249E7FB1B}.Debug|Any CPU.Build.0 = Debug|Any CPU
		{C1C7883C-5EF6-4D02-A271-A81249E7FB1B}.Release|Any CPU.ActiveCfg = Release|Any CPU
		{C1C7883C-5EF6-4D02-A271-A81249E7FB1B}.Release|Any CPU.Build.0 = Release|Any CPU
		{F5D356FF-9B9B-440B-848D-12958FA1D9A1}.Debug|Any CPU.ActiveCfg = Debug|Any CPU
		{F5D356FF-9B9B-440B-848D-12958FA1D9A1}.Debug|Any CPU.Build.0 = Debug|Any CPU
		{F5D356FF-9B9B-440B-848D-12958FA1D9A1}.Release|Any CPU.ActiveCfg = Release|Any CPU
		{F5D356FF-9B9B-440B-848D-12958FA1D9A1}.Release|Any CPU.Build.0 = Release|Any CPU
		{93901AFB-281F-4499-B54A-00271FC35390}.Debug|Any CPU.ActiveCfg = Debug|Any CPU
		{93901AFB-281F-4499-B54A-00271FC35390}.Debug|Any CPU.Build.0 = Debug|Any CPU
		{93901AFB-281F-4499-B54A-00271FC35390}.Release|Any CPU.ActiveCfg = Release|Any CPU
		{93901AFB-281F-4499-B54A-00271FC35390}.Release|Any CPU.Build.0 = Release|Any CPU
		{41D67F5E-0449-4B87-9EA6-25BDAD1F4C0D}.Debug|Any CPU.ActiveCfg = Debug|Any CPU
		{41D67F5E-0449-4B87-9EA6-25BDAD1F4C0D}.Debug|Any CPU.Build.0 = Debug|Any CPU
		{41D67F5E-0449-4B87-9EA6-25BDAD1F4C0D}.Release|Any CPU.ActiveCfg = Release|Any CPU
		{41D67F5E-0449-4B87-9EA6-25BDAD1F4C0D}.Release|Any CPU.Build.0 = Release|Any CPU
		{864027F8-53BF-461D-97F6-1E7F27567223}.Debug|Any CPU.ActiveCfg = Debug|Any CPU
		{864027F8-53BF-461D-97F6-1E7F27567223}.Debug|Any CPU.Build.0 = Debug|Any CPU
		{864027F8-53BF-461D-97F6-1E7F27567223}.Release|Any CPU.ActiveCfg = Release|Any CPU
		{864027F8-53BF-461D-97F6-1E7F27567223}.Release|Any CPU.Build.0 = Release|Any CPU
		{465766BB-7A43-4355-BE51-8C98B21B76D7}.Debug|Any CPU.ActiveCfg = Debug|Any CPU
		{465766BB-7A43-4355-BE51-8C98B21B76D7}.Debug|Any CPU.Build.0 = Debug|Any CPU
		{465766BB-7A43-4355-BE51-8C98B21B76D7}.Release|Any CPU.ActiveCfg = Release|Any CPU
		{465766BB-7A43-4355-BE51-8C98B21B76D7}.Release|Any CPU.Build.0 = Release|Any CPU
		{2872D2E5-46D2-477C-9567-E833E9646AF9}.Debug|Any CPU.ActiveCfg = Debug|Any CPU
		{2872D2E5-46D2-477C-9567-E833E9646AF9}.Debug|Any CPU.Build.0 = Debug|Any CPU
		{2872D2E5-46D2-477C-9567-E833E9646AF9}.Release|Any CPU.ActiveCfg = Release|Any CPU
		{2872D2E5-46D2-477C-9567-E833E9646AF9}.Release|Any CPU.Build.0 = Release|Any CPU
	EndGlobalSection
	GlobalSection(SolutionProperties) = preSolution
		HideSolutionNode = FALSE
	EndGlobalSection
	GlobalSection(NestedProjects) = preSolution
		{93901AFB-281F-4499-B54A-00271FC35390} = {5487E6A8-E869-40C3-9F0E-44968338D86F}
		{41D67F5E-0449-4B87-9EA6-25BDAD1F4C0D} = {5487E6A8-E869-40C3-9F0E-44968338D86F}
		{864027F8-53BF-461D-97F6-1E7F27567223} = {5487E6A8-E869-40C3-9F0E-44968338D86F}
		{465766BB-7A43-4355-BE51-8C98B21B76D7} = {5487E6A8-E869-40C3-9F0E-44968338D86F}
	EndGlobalSection
EndGlobal
