
Microsoft Visual Studio Solution File, Format Version 12.00
# Visual Studio Version 17
VisualStudioVersion = 17.12.35707.178
MinimumVisualStudioVersion = 10.0.40219.1
Project("{FAE04EC0-301F-11D3-BF4B-00C04F79EFBC}") = "SpectrailTestFramework", "SpectrailTestFramework\SpectrailTestFramework.csproj", "{C1C7883C-5EF6-4D02-A271-A81249E7FB1B}"
EndProject
Project("{FAE04EC0-301F-11D3-BF4B-00C04F79EFBC}") = "SpectrailTests", "SpectrailTests\SpectrailTests.csproj", "{F5D356FF-9B9B-440B-848D-12958FA1D9A1}"
EndProject
Project("{2150E333-8FDC-42A3-9474-1A3956D46DE8}") = "TestServer", "TestServer", "{009E2F00-26CE-44F7-9851-186902C7B2E3}"
EndProject
Project("{FAE04EC0-301F-11D3-BF4B-00C04F79EFBC}") = "SpectrailTestDataProvider.API", "SpectrailTestDataProvider.API\SpectrailTestDataProvider.API.csproj", "{24B53B74-B157-4CCB-87A0-2BAD321E5AE1}"
EndProject
Global
	GlobalSection(SolutionConfigurationPlatforms) = preSolution
		Debug|Any CPU = Debug|Any CPU
		Release|Any CPU = Release|Any CPU
	EndGlobalSection
	GlobalSection(ProjectConfigurationPlatforms) = postSolution
		{C1C7883C-5EF6-4D02-A271-A81249E7FB1B}.Debug|Any CPU.ActiveCfg = Debug|Any CPU
		{C1C7883C-5EF6-4D02-A271-A81249E7FB1B}.Debug|Any CPU.Build.0 = Debug|Any CPU
		{C1C7883C-5EF6-4D02-A271-A81249E7FB1B}.Release|Any CPU.ActiveCfg = Release|Any CPU
		{C1C7883C-5EF6-4D02-A271-A81249E7FB1B}.Release|Any CPU.Build.0 = Release|Any CPU
		{F5D356FF-9B9B-440B-848D-12958FA1D9A1}.Debug|Any CPU.ActiveCfg = Debug|Any CPU
		{F5D356FF-9B9B-440B-848D-12958FA1D9A1}.Debug|Any CPU.Build.0 = Debug|Any CPU
		{F5D356FF-9B9B-440B-848D-12958FA1D9A1}.Release|Any CPU.ActiveCfg = Release|Any CPU
		{F5D356FF-9B9B-440B-848D-12958FA1D9A1}.Release|Any CPU.Build.0 = Release|Any CPU
		{24B53B74-B157-4CCB-87A0-2BAD321E5AE1}.Debug|Any CPU.ActiveCfg = Debug|Any CPU
		{24B53B74-B157-4CCB-87A0-2BAD321E5AE1}.Debug|Any CPU.Build.0 = Debug|Any CPU
		{24B53B74-B157-4CCB-87A0-2BAD321E5AE1}.Release|Any CPU.ActiveCfg = Release|Any CPU
		{24B53B74-B157-4CCB-87A0-2BAD321E5AE1}.Release|Any CPU.Build.0 = Release|Any CPU
	EndGlobalSection
	GlobalSection(SolutionProperties) = preSolution
		HideSolutionNode = FALSE
	EndGlobalSection
	GlobalSection(NestedProjects) = preSolution
		{24B53B74-B157-4CCB-87A0-2BAD321E5AE1} = {009E2F00-26CE-44F7-9851-186902C7B2E3}
	EndGlobalSection
EndGlobal
