
Microsoft Visual Studio Solution File, Format Version 12.00
# Visual Studio Version 17
VisualStudioVersion = 17.12.35707.178
MinimumVisualStudioVersion = 10.0.40219.1
Project("{2150E333-8FDC-42A3-9474-1A3956D46DE8}") = "TestServer", "TestServer", "{5487E6A8-E869-40C3-9F0E-44968338D86F}"
EndProject
Project("{E53339B2-1760-4266-BCC7-CA923CBCF16C}") = "docker-compose", "docker-compose.dcproj", "{2872D2E5-46D2-477C-9567-E833E9646AF9}"
EndProject
Project("{2150E333-8FDC-42A3-9474-1A3956D46DE8}") = "Framework", "Framework", "{880F98CC-85AE-415C-9BF2-B5C2F7FB4627}"
EndProject
Project("{2150E333-8FDC-42A3-9474-1A3956D46DE8}") = "Tests", "Tests", "{50F5DAFC-E089-415E-8C9D-CA6F95FFD67B}"
EndProject
Project("{2150E333-8FDC-42A3-9474-1A3956D46DE8}") = "Services", "Services", "{EB996A99-19A2-41BA-8D74-E6279AA09679}"
EndProject
Project("{2150E333-8FDC-42A3-9474-1A3956D46DE8}") = "BuildingBlocks", "BuildingBlocks", "{12A4CCAD-E72B-472D-B279-6B165A11DE5E}"
EndProject
Project("{2150E333-8FDC-42A3-9474-1A3956D46DE8}") = "ApiGateways", "ApiGateways", "{140349DE-64E5-485C-971B-BA35995B96B3}"
EndProject
Project("{FAE04EC0-301F-11D3-BF4B-00C04F79EFBC}") = "Alstom.Spectrail.ICD.API", "src\TestServer\Services\ICD\Alstom.Spectrail.ICD.API\Alstom.Spectrail.ICD.API.csproj", "{C2360D09-14E5-41F9-895F-9E98515FEDF9}"
EndProject
Project("{FAE04EC0-301F-11D3-BF4B-00C04F79EFBC}") = "SpectrailTestDataProvider.Infrastructure", "src\TestServer\Services\ICD\SpectrailTestDataProvider.Infrastructure\SpectrailTestDataProvider.Infrastructure.csproj", "{2CF4A166-6F8F-4054-B62F-F8E5C8177DBD}"
EndProject
Project("{FAE04EC0-301F-11D3-BF4B-00C04F79EFBC}") = "Alstom.Spectrail.ICD.Application", "src\TestServer\Services\ICD\Alstom.Spectrail.ICD.Application\Alstom.Spectrail.ICD.Application.csproj", "{97DDD98C-74A7-4EF2-A53F-9E2122EF45EA}"
EndProject
Project("{FAE04EC0-301F-11D3-BF4B-00C04F79EFBC}") = "Alstom.Spectrail.ICD.Domain", "src\TestServer\Services\ICD\Alstom.Spectrail.ICD.Domain\Alstom.Spectrail.ICD.Domain.csproj", "{7929FC3B-953B-43DD-92CF-CB618603F2ED}"
EndProject
Project("{FAE04EC0-301F-11D3-BF4B-00C04F79EFBC}") = "SpectrailTestDataProvider.Shared", "src\TestServer\BuildingBlocks\SpectrailTestDataProvider.Shared\SpectrailTestDataProvider.Shared.csproj", "{7306C811-FBEB-48DD-BFF1-F923BE8101BC}"
EndProject
Project("{FAE04EC0-301F-11D3-BF4B-00C04F79EFBC}") = "Alstom.Spectrail.TestFramework", "src\Framework\Alstom.Spectrail.TestFramework\Alstom.Spectrail.TestFramework.csproj", "{DED18CF9-1EAD-4BE5-A2AD-7BAAB4215C9B}"
EndProject
Project("{FAE04EC0-301F-11D3-BF4B-00C04F79EFBC}") = "Alstom.Spectrail.Tests", "src\Tests\Alstom.Spectrail.Tests\Alstom.Spectrail.Tests.csproj", "{AB7F8D61-BEBC-4996-8617-702D14E6EE22}"
EndProject
Global
	GlobalSection(SolutionConfigurationPlatforms) = preSolution
		Debug|Any CPU = Debug|Any CPU
		Release|Any CPU = Release|Any CPU
	EndGlobalSection
	GlobalSection(ProjectConfigurationPlatforms) = postSolution
		{2872D2E5-46D2-477C-9567-E833E9646AF9}.Debug|Any CPU.ActiveCfg = Debug|Any CPU
		{2872D2E5-46D2-477C-9567-E833E9646AF9}.Debug|Any CPU.Build.0 = Debug|Any CPU
		{2872D2E5-46D2-477C-9567-E833E9646AF9}.Release|Any CPU.ActiveCfg = Release|Any CPU
		{2872D2E5-46D2-477C-9567-E833E9646AF9}.Release|Any CPU.Build.0 = Release|Any CPU
		{C2360D09-14E5-41F9-895F-9E98515FEDF9}.Debug|Any CPU.ActiveCfg = Debug|Any CPU
		{C2360D09-14E5-41F9-895F-9E98515FEDF9}.Debug|Any CPU.Build.0 = Debug|Any CPU
		{C2360D09-14E5-41F9-895F-9E98515FEDF9}.Release|Any CPU.ActiveCfg = Release|Any CPU
		{C2360D09-14E5-41F9-895F-9E98515FEDF9}.Release|Any CPU.Build.0 = Release|Any CPU
		{2CF4A166-6F8F-4054-B62F-F8E5C8177DBD}.Debug|Any CPU.ActiveCfg = Debug|Any CPU
		{2CF4A166-6F8F-4054-B62F-F8E5C8177DBD}.Debug|Any CPU.Build.0 = Debug|Any CPU
		{2CF4A166-6F8F-4054-B62F-F8E5C8177DBD}.Release|Any CPU.ActiveCfg = Release|Any CPU
		{2CF4A166-6F8F-4054-B62F-F8E5C8177DBD}.Release|Any CPU.Build.0 = Release|Any CPU
		{97DDD98C-74A7-4EF2-A53F-9E2122EF45EA}.Debug|Any CPU.ActiveCfg = Debug|Any CPU
		{97DDD98C-74A7-4EF2-A53F-9E2122EF45EA}.Debug|Any CPU.Build.0 = Debug|Any CPU
		{97DDD98C-74A7-4EF2-A53F-9E2122EF45EA}.Release|Any CPU.ActiveCfg = Release|Any CPU
		{97DDD98C-74A7-4EF2-A53F-9E2122EF45EA}.Release|Any CPU.Build.0 = Release|Any CPU
		{7929FC3B-953B-43DD-92CF-CB618603F2ED}.Debug|Any CPU.ActiveCfg = Debug|Any CPU
		{7929FC3B-953B-43DD-92CF-CB618603F2ED}.Debug|Any CPU.Build.0 = Debug|Any CPU
		{7929FC3B-953B-43DD-92CF-CB618603F2ED}.Release|Any CPU.ActiveCfg = Release|Any CPU
		{7929FC3B-953B-43DD-92CF-CB618603F2ED}.Release|Any CPU.Build.0 = Release|Any CPU
		{7306C811-FBEB-48DD-BFF1-F923BE8101BC}.Debug|Any CPU.ActiveCfg = Debug|Any CPU
		{7306C811-FBEB-48DD-BFF1-F923BE8101BC}.Debug|Any CPU.Build.0 = Debug|Any CPU
		{7306C811-FBEB-48DD-BFF1-F923BE8101BC}.Release|Any CPU.ActiveCfg = Release|Any CPU
		{7306C811-FBEB-48DD-BFF1-F923BE8101BC}.Release|Any CPU.Build.0 = Release|Any CPU
		{DED18CF9-1EAD-4BE5-A2AD-7BAAB4215C9B}.Debug|Any CPU.ActiveCfg = Debug|Any CPU
		{DED18CF9-1EAD-4BE5-A2AD-7BAAB4215C9B}.Debug|Any CPU.Build.0 = Debug|Any CPU
		{DED18CF9-1EAD-4BE5-A2AD-7BAAB4215C9B}.Release|Any CPU.ActiveCfg = Release|Any CPU
		{DED18CF9-1EAD-4BE5-A2AD-7BAAB4215C9B}.Release|Any CPU.Build.0 = Release|Any CPU
		{AB7F8D61-BEBC-4996-8617-702D14E6EE22}.Debug|Any CPU.ActiveCfg = Debug|Any CPU
		{AB7F8D61-BEBC-4996-8617-702D14E6EE22}.Debug|Any CPU.Build.0 = Debug|Any CPU
		{AB7F8D61-BEBC-4996-8617-702D14E6EE22}.Release|Any CPU.ActiveCfg = Release|Any CPU
		{AB7F8D61-BEBC-4996-8617-702D14E6EE22}.Release|Any CPU.Build.0 = Release|Any CPU
	EndGlobalSection
	GlobalSection(SolutionProperties) = preSolution
		HideSolutionNode = FALSE
	EndGlobalSection
	GlobalSection(NestedProjects) = preSolution
		{EB996A99-19A2-41BA-8D74-E6279AA09679} = {5487E6A8-E869-40C3-9F0E-44968338D86F}
		{12A4CCAD-E72B-472D-B279-6B165A11DE5E} = {5487E6A8-E869-40C3-9F0E-44968338D86F}
		{140349DE-64E5-485C-971B-BA35995B96B3} = {5487E6A8-E869-40C3-9F0E-44968338D86F}
		{C2360D09-14E5-41F9-895F-9E98515FEDF9} = {EB996A99-19A2-41BA-8D74-E6279AA09679}
		{2CF4A166-6F8F-4054-B62F-F8E5C8177DBD} = {EB996A99-19A2-41BA-8D74-E6279AA09679}
		{97DDD98C-74A7-4EF2-A53F-9E2122EF45EA} = {EB996A99-19A2-41BA-8D74-E6279AA09679}
		{7929FC3B-953B-43DD-92CF-CB618603F2ED} = {EB996A99-19A2-41BA-8D74-E6279AA09679}
		{7306C811-FBEB-48DD-BFF1-F923BE8101BC} = {12A4CCAD-E72B-472D-B279-6B165A11DE5E}
		{DED18CF9-1EAD-4BE5-A2AD-7BAAB4215C9B} = {880F98CC-85AE-415C-9BF2-B5C2F7FB4627}
		{AB7F8D61-BEBC-4996-8617-702D14E6EE22} = {50F5DAFC-E089-415E-8C9D-CA6F95FFD67B}
	EndGlobalSection
EndGlobal
